
Microsoft Visual Studio Solution File, Format Version 12.00
# Visual Studio Version 16
VisualStudioVersion = 16.0.31624.102
MinimumVisualStudioVersion = 10.0.40219.1
Project("{FAE04EC0-301F-11D3-BF4B-00C04F79EFBC}") = "JsonDataManagaer", "JsonDataManagaer\JsonDataManagaer.csproj", "{A5D863BD-6A81-47A6-A6B9-40B198E00392}"
EndProject
Global
	GlobalSection(SolutionConfigurationPlatforms) = preSolution
		Debug|Any CPU = Debug|Any CPU
		Release|Any CPU = Release|Any CPU
	EndGlobalSection
	GlobalSection(ProjectConfigurationPlatforms) = postSolution
		{A5D863BD-6A81-47A6-A6B9-40B198E00392}.Debug|Any CPU.ActiveCfg = Debug|Any CPU
		{A5D863BD-6A81-47A6-A6B9-40B198E00392}.Debug|Any CPU.Build.0 = Debug|Any CPU
		{A5D863BD-6A81-47A6-A6B9-40B198E00392}.Release|Any CPU.ActiveCfg = Release|Any CPU
		{A5D863BD-6A81-47A6-A6B9-40B198E00392}.Release|Any CPU.Build.0 = Release|Any CPU
	EndGlobalSection
	GlobalSection(SolutionProperties) = preSolution
		HideSolutionNode = FALSE
	EndGlobalSection
	GlobalSection(ExtensibilityGlobals) = postSolution
		SolutionGuid = {D32ABB95-3C8C-4FCB-B046-5228168E9EBE}
	EndGlobalSection
EndGlobal
